// !$*UTF8*$!
{
	archiveVersion = 1;
	classes = {
	};
	objectVersion = 77;
	objects = {

/* Begin PBXBuildFile section */
		BA4F511A2CB99A4A00DEAF3A /* FirebaseAnalytics in Frameworks */ = {isa = PBXBuildFile; productRef = BA4F51192CB99A4A00DEAF3A /* FirebaseAnalytics */; };
		BA4F511C2CB99A4A00DEAF3A /* FirebaseAuth in Frameworks */ = {isa = PBXBuildFile; productRef = BA4F511B2CB99A4A00DEAF3A /* FirebaseAuth */; };
		BA4F511E2CB99A4A00DEAF3A /* FirebaseCore in Frameworks */ = {isa = PBXBuildFile; productRef = BA4F511D2CB99A4A00DEAF3A /* FirebaseCore */; };
		BA4F51202CB99A4A00DEAF3A /* FirebaseDatabase in Frameworks */ = {isa = PBXBuildFile; productRef = BA4F511F2CB99A4A00DEAF3A /* FirebaseDatabase */; };
		BA4F51222CB99A4A00DEAF3A /* FirebaseFirestore in Frameworks */ = {isa = PBXBuildFile; productRef = BA4F51212CB99A4A00DEAF3A /* FirebaseFirestore */; };
		BA4F51242CB99A4A00DEAF3A /* FirebaseMessaging in Frameworks */ = {isa = PBXBuildFile; productRef = BA4F51232CB99A4A00DEAF3A /* FirebaseMessaging */; };
		BA4F51262CB99A4A00DEAF3A /* FirebaseRemoteConfig in Frameworks */ = {isa = PBXBuildFile; productRef = BA4F51252CB99A4A00DEAF3A /* FirebaseRemoteConfig */; };
		BA5A72552D2CA04D001E19F2 /* GoogleSignIn in Frameworks */ = {isa = PBXBuildFile; productRef = BA5A72542D2CA04D001E19F2 /* GoogleSignIn */; };
/* End PBXBuildFile section */

/* Begin PBXContainerItemProxy section */
		BA4F50F92CB996D200DEAF3A /* PBXContainerItemProxy */ = {
			isa = PBXContainerItemProxy;
			containerPortal = BA4F50DE2CB996D100DEAF3A /* Project object */;
			proxyType = 1;
			remoteGlobalIDString = BA4F50E52CB996D100DEAF3A;
			remoteInfo = Registrar;
		};
		BA4F51032CB996D200DEAF3A /* PBXContainerItemProxy */ = {
			isa = PBXContainerItemProxy;
			containerPortal = BA4F50DE2CB996D100DEAF3A /* Project object */;
			proxyType = 1;
			remoteGlobalIDString = BA4F50E52CB996D100DEAF3A;
			remoteInfo = Registrar;
		};
/* End PBXContainerItemProxy section */

/* Begin PBXFileReference section */
		BA4F50E62CB996D100DEAF3A /* Registrar.app */ = {isa = PBXFileReference; explicitFileType = wrapper.application; includeInIndex = 0; path = Registrar.app; sourceTree = BUILT_PRODUCTS_DIR; };
		BA4F50F82CB996D200DEAF3A /* RegistrarTests.xctest */ = {isa = PBXFileReference; explicitFileType = wrapper.cfbundle; includeInIndex = 0; path = RegistrarTests.xctest; sourceTree = BUILT_PRODUCTS_DIR; };
		BA4F51022CB996D200DEAF3A /* RegistrarUITests.xctest */ = {isa = PBXFileReference; explicitFileType = wrapper.cfbundle; includeInIndex = 0; path = RegistrarUITests.xctest; sourceTree = BUILT_PRODUCTS_DIR; };
/* End PBXFileReference section */

/* Begin PBXFileSystemSynchronizedRootGroup section */
		BA4F50E82CB996D100DEAF3A /* Registrar */ = {
			isa = PBXFileSystemSynchronizedRootGroup;
			path = Registrar;
			sourceTree = "<group>";
		};
		BA4F50FB2CB996D200DEAF3A /* RegistrarTests */ = {
			isa = PBXFileSystemSynchronizedRootGroup;
			path = RegistrarTests;
			sourceTree = "<group>";
		};
		BA4F51052CB996D200DEAF3A /* RegistrarUITests */ = {
			isa = PBXFileSystemSynchronizedRootGroup;
			path = RegistrarUITests;
			sourceTree = "<group>";
		};
/* End PBXFileSystemSynchronizedRootGroup section */

/* Begin PBXFrameworksBuildPhase section */
		BA4F50E32CB996D100DEAF3A /* Frameworks */ = {
			isa = PBXFrameworksBuildPhase;
			buildActionMask = 2147483647;
			files = (
				BA4F51242CB99A4A00DEAF3A /* FirebaseMessaging in Frameworks */,
				BA5A72552D2CA04D001E19F2 /* GoogleSignIn in Frameworks */,
				BA4F511A2CB99A4A00DEAF3A /* FirebaseAnalytics in Frameworks */,
				BA4F511E2CB99A4A00DEAF3A /* FirebaseCore in Frameworks */,
				BA4F51262CB99A4A00DEAF3A /* FirebaseRemoteConfig in Frameworks */,
				BA4F51202CB99A4A00DEAF3A /* FirebaseDatabase in Frameworks */,
				BA4F51222CB99A4A00DEAF3A /* FirebaseFirestore in Frameworks */,
				BA4F511C2CB99A4A00DEAF3A /* FirebaseAuth in Frameworks */,
			);
			runOnlyForDeploymentPostprocessing = 0;
		};
		BA4F50F52CB996D200DEAF3A /* Frameworks */ = {
			isa = PBXFrameworksBuildPhase;
			buildActionMask = 2147483647;
			files = (
			);
			runOnlyForDeploymentPostprocessing = 0;
		};
		BA4F50FF2CB996D200DEAF3A /* Frameworks */ = {
			isa = PBXFrameworksBuildPhase;
			buildActionMask = 2147483647;
			files = (
			);
			runOnlyForDeploymentPostprocessing = 0;
		};
/* End PBXFrameworksBuildPhase section */

/* Begin PBXGroup section */
		BA4F50DD2CB996D100DEAF3A = {
			isa = PBXGroup;
			children = (
				BA4F50E82CB996D100DEAF3A /* Registrar */,
				BA4F50FB2CB996D200DEAF3A /* RegistrarTests */,
				BA4F51052CB996D200DEAF3A /* RegistrarUITests */,
				BA4F50E72CB996D100DEAF3A /* Products */,
			);
			sourceTree = "<group>";
		};
		BA4F50E72CB996D100DEAF3A /* Products */ = {
			isa = PBXGroup;
			children = (
				BA4F50E62CB996D100DEAF3A /* Registrar.app */,
				BA4F50F82CB996D200DEAF3A /* RegistrarTests.xctest */,
				BA4F51022CB996D200DEAF3A /* RegistrarUITests.xctest */,
			);
			name = Products;
			sourceTree = "<group>";
		};
/* End PBXGroup section */

/* Begin PBXNativeTarget section */
		BA4F50E52CB996D100DEAF3A /* Registrar */ = {
			isa = PBXNativeTarget;
			buildConfigurationList = BA4F510C2CB996D200DEAF3A /* Build configuration list for PBXNativeTarget "Registrar" */;
			buildPhases = (
				BA4F50E22CB996D100DEAF3A /* Sources */,
				BA4F50E32CB996D100DEAF3A /* Frameworks */,
				BA4F50E42CB996D100DEAF3A /* Resources */,
			);
			buildRules = (
			);
			dependencies = (
			);
			fileSystemSynchronizedGroups = (
				BA4F50E82CB996D100DEAF3A /* Registrar */,
			);
			name = Registrar;
			packageProductDependencies = (
				BA4F51192CB99A4A00DEAF3A /* FirebaseAnalytics */,
				BA4F511B2CB99A4A00DEAF3A /* FirebaseAuth */,
				BA4F511D2CB99A4A00DEAF3A /* FirebaseCore */,
				BA4F511F2CB99A4A00DEAF3A /* FirebaseDatabase */,
				BA4F51212CB99A4A00DEAF3A /* FirebaseFirestore */,
				BA4F51232CB99A4A00DEAF3A /* FirebaseMessaging */,
				BA4F51252CB99A4A00DEAF3A /* FirebaseRemoteConfig */,
				BA5A72542D2CA04D001E19F2 /* GoogleSignIn */,
			);
			productName = Registrar;
			productReference = BA4F50E62CB996D100DEAF3A /* Registrar.app */;
			productType = "com.apple.product-type.application";
		};
		BA4F50F72CB996D200DEAF3A /* RegistrarTests */ = {
			isa = PBXNativeTarget;
			buildConfigurationList = BA4F510F2CB996D200DEAF3A /* Build configuration list for PBXNativeTarget "RegistrarTests" */;
			buildPhases = (
				BA4F50F42CB996D200DEAF3A /* Sources */,
				BA4F50F52CB996D200DEAF3A /* Frameworks */,
				BA4F50F62CB996D200DEAF3A /* Resources */,
			);
			buildRules = (
			);
			dependencies = (
				BA4F50FA2CB996D200DEAF3A /* PBXTargetDependency */,
			);
			fileSystemSynchronizedGroups = (
				BA4F50FB2CB996D200DEAF3A /* RegistrarTests */,
			);
			name = RegistrarTests;
			packageProductDependencies = (
			);
			productName = RegistrarTests;
			productReference = BA4F50F82CB996D200DEAF3A /* RegistrarTests.xctest */;
			productType = "com.apple.product-type.bundle.unit-test";
		};
		BA4F51012CB996D200DEAF3A /* RegistrarUITests */ = {
			isa = PBXNativeTarget;
			buildConfigurationList = BA4F51122CB996D200DEAF3A /* Build configuration list for PBXNativeTarget "RegistrarUITests" */;
			buildPhases = (
				BA4F50FE2CB996D200DEAF3A /* Sources */,
				BA4F50FF2CB996D200DEAF3A /* Frameworks */,
				BA4F51002CB996D200DEAF3A /* Resources */,
			);
			buildRules = (
			);
			dependencies = (
				BA4F51042CB996D200DEAF3A /* PBXTargetDependency */,
			);
			fileSystemSynchronizedGroups = (
				BA4F51052CB996D200DEAF3A /* RegistrarUITests */,
			);
			name = RegistrarUITests;
			packageProductDependencies = (
			);
			productName = RegistrarUITests;
			productReference = BA4F51022CB996D200DEAF3A /* RegistrarUITests.xctest */;
			productType = "com.apple.product-type.bundle.ui-testing";
		};
/* End PBXNativeTarget section */

/* Begin PBXProject section */
		BA4F50DE2CB996D100DEAF3A /* Project object */ = {
			isa = PBXProject;
			attributes = {
				BuildIndependentTargetsInParallel = 1;
				LastSwiftUpdateCheck = 1600;
				LastUpgradeCheck = 1600;
				TargetAttributes = {
					BA4F50E52CB996D100DEAF3A = {
						CreatedOnToolsVersion = 16.0;
					};
					BA4F50F72CB996D200DEAF3A = {
						CreatedOnToolsVersion = 16.0;
						TestTargetID = BA4F50E52CB996D100DEAF3A;
					};
					BA4F51012CB996D200DEAF3A = {
						CreatedOnToolsVersion = 16.0;
						TestTargetID = BA4F50E52CB996D100DEAF3A;
					};
				};
			};
			buildConfigurationList = BA4F50E12CB996D100DEAF3A /* Build configuration list for PBXProject "Registrar" */;
			developmentRegion = en;
			hasScannedForEncodings = 0;
			knownRegions = (
				en,
				Base,
			);
			mainGroup = BA4F50DD2CB996D100DEAF3A;
			minimizedProjectReferenceProxies = 1;
			packageReferences = (
				BA4F51182CB99A4A00DEAF3A /* XCRemoteSwiftPackageReference "firebase-ios-sdk" */,
				BA5A72532D2CA04D001E19F2 /* XCRemoteSwiftPackageReference "GoogleSignIn-iOS" */,
			);
			preferredProjectObjectVersion = 77;
			productRefGroup = BA4F50E72CB996D100DEAF3A /* Products */;
			projectDirPath = "";
			projectRoot = "";
			targets = (
				BA4F50E52CB996D100DEAF3A /* Registrar */,
				BA4F50F72CB996D200DEAF3A /* RegistrarTests */,
				BA4F51012CB996D200DEAF3A /* RegistrarUITests */,
			);
		};
/* End PBXProject section */

/* Begin PBXResourcesBuildPhase section */
		BA4F50E42CB996D100DEAF3A /* Resources */ = {
			isa = PBXResourcesBuildPhase;
			buildActionMask = 2147483647;
			files = (
			);
			runOnlyForDeploymentPostprocessing = 0;
		};
		BA4F50F62CB996D200DEAF3A /* Resources */ = {
			isa = PBXResourcesBuildPhase;
			buildActionMask = 2147483647;
			files = (
			);
			runOnlyForDeploymentPostprocessing = 0;
		};
		BA4F51002CB996D200DEAF3A /* Resources */ = {
			isa = PBXResourcesBuildPhase;
			buildActionMask = 2147483647;
			files = (
			);
			runOnlyForDeploymentPostprocessing = 0;
		};
/* End PBXResourcesBuildPhase section */

/* Begin PBXSourcesBuildPhase section */
		BA4F50E22CB996D100DEAF3A /* Sources */ = {
			isa = PBXSourcesBuildPhase;
			buildActionMask = 2147483647;
			files = (
			);
			runOnlyForDeploymentPostprocessing = 0;
		};
		BA4F50F42CB996D200DEAF3A /* Sources */ = {
			isa = PBXSourcesBuildPhase;
			buildActionMask = 2147483647;
			files = (
			);
			runOnlyForDeploymentPostprocessing = 0;
		};
		BA4F50FE2CB996D200DEAF3A /* Sources */ = {
			isa = PBXSourcesBuildPhase;
			buildActionMask = 2147483647;
			files = (
			);
			runOnlyForDeploymentPostprocessing = 0;
		};
/* End PBXSourcesBuildPhase section */

/* Begin PBXTargetDependency section */
		BA4F50FA2CB996D200DEAF3A /* PBXTargetDependency */ = {
			isa = PBXTargetDependency;
			target = BA4F50E52CB996D100DEAF3A /* Registrar */;
			targetProxy = BA4F50F92CB996D200DEAF3A /* PBXContainerItemProxy */;
		};
		BA4F51042CB996D200DEAF3A /* PBXTargetDependency */ = {
			isa = PBXTargetDependency;
			target = BA4F50E52CB996D100DEAF3A /* Registrar */;
			targetProxy = BA4F51032CB996D200DEAF3A /* PBXContainerItemProxy */;
		};
/* End PBXTargetDependency section */

/* Begin XCBuildConfiguration section */
		BA4F510A2CB996D200DEAF3A /* Debug */ = {
			isa = XCBuildConfiguration;
			buildSettings = {
				ALWAYS_SEARCH_USER_PATHS = NO;
				ASSETCATALOG_COMPILER_GENERATE_SWIFT_ASSET_SYMBOL_EXTENSIONS = YES;
				CLANG_ANALYZER_NONNULL = YES;
				CLANG_ANALYZER_NUMBER_OBJECT_CONVERSION = YES_AGGRESSIVE;
				CLANG_CXX_LANGUAGE_STANDARD = "gnu++20";
				CLANG_ENABLE_MODULES = YES;
				CLANG_ENABLE_OBJC_ARC = YES;
				CLANG_ENABLE_OBJC_WEAK = YES;
				CLANG_WARN_BLOCK_CAPTURE_AUTORELEASING = YES;
				CLANG_WARN_BOOL_CONVERSION = YES;
				CLANG_WARN_COMMA = YES;
				CLANG_WARN_CONSTANT_CONVERSION = YES;
				CLANG_WARN_DEPRECATED_OBJC_IMPLEMENTATIONS = YES;
				CLANG_WARN_DIRECT_OBJC_ISA_USAGE = YES_ERROR;
				CLANG_WARN_DOCUMENTATION_COMMENTS = YES;
				CLANG_WARN_EMPTY_BODY = YES;
				CLANG_WARN_ENUM_CONVERSION = YES;
				CLANG_WARN_INFINITE_RECURSION = YES;
				CLANG_WARN_INT_CONVERSION = YES;
				CLANG_WARN_NON_LITERAL_NULL_CONVERSION = YES;
				CLANG_WARN_OBJC_IMPLICIT_RETAIN_SELF = YES;
				CLANG_WARN_OBJC_LITERAL_CONVERSION = YES;
				CLANG_WARN_OBJC_ROOT_CLASS = YES_ERROR;
				CLANG_WARN_QUOTED_INCLUDE_IN_FRAMEWORK_HEADER = YES;
				CLANG_WARN_RANGE_LOOP_ANALYSIS = YES;
				CLANG_WARN_STRICT_PROTOTYPES = YES;
				CLANG_WARN_SUSPICIOUS_MOVE = YES;
				CLANG_WARN_UNGUARDED_AVAILABILITY = YES_AGGRESSIVE;
				CLANG_WARN_UNREACHABLE_CODE = YES;
				CLANG_WARN__DUPLICATE_METHOD_MATCH = YES;
				COPY_PHASE_STRIP = NO;
				DEBUG_INFORMATION_FORMAT = dwarf;
				ENABLE_STRICT_OBJC_MSGSEND = YES;
				ENABLE_TESTABILITY = YES;
				ENABLE_USER_SCRIPT_SANDBOXING = YES;
				GCC_C_LANGUAGE_STANDARD = gnu17;
				GCC_DYNAMIC_NO_PIC = NO;
				GCC_NO_COMMON_BLOCKS = YES;
				GCC_OPTIMIZATION_LEVEL = 0;
				GCC_PREPROCESSOR_DEFINITIONS = (
					"DEBUG=1",
					"$(inherited)",
				);
				GCC_WARN_64_TO_32_BIT_CONVERSION = YES;
				GCC_WARN_ABOUT_RETURN_TYPE = YES_ERROR;
				GCC_WARN_UNDECLARED_SELECTOR = YES;
				GCC_WARN_UNINITIALIZED_AUTOS = YES_AGGRESSIVE;
				GCC_WARN_UNUSED_FUNCTION = YES;
				GCC_WARN_UNUSED_VARIABLE = YES;
				IPHONEOS_DEPLOYMENT_TARGET = 18.0;
				LOCALIZATION_PREFERS_STRING_CATALOGS = YES;
				MTL_ENABLE_DEBUG_INFO = INCLUDE_SOURCE;
				MTL_FAST_MATH = YES;
				ONLY_ACTIVE_ARCH = YES;
				SDKROOT = iphoneos;
				SWIFT_ACTIVE_COMPILATION_CONDITIONS = "DEBUG $(inherited)";
				SWIFT_OPTIMIZATION_LEVEL = "-Onone";
			};
			name = Debug;
		};
		BA4F510B2CB996D200DEAF3A /* Release */ = {
			isa = XCBuildConfiguration;
			buildSettings = {
				ALWAYS_SEARCH_USER_PATHS = NO;
				ASSETCATALOG_COMPILER_GENERATE_SWIFT_ASSET_SYMBOL_EXTENSIONS = YES;
				CLANG_ANALYZER_NONNULL = YES;
				CLANG_ANALYZER_NUMBER_OBJECT_CONVERSION = YES_AGGRESSIVE;
				CLANG_CXX_LANGUAGE_STANDARD = "gnu++20";
				CLANG_ENABLE_MODULES = YES;
				CLANG_ENABLE_OBJC_ARC = YES;
				CLANG_ENABLE_OBJC_WEAK = YES;
				CLANG_WARN_BLOCK_CAPTURE_AUTORELEASING = YES;
				CLANG_WARN_BOOL_CONVERSION = YES;
				CLANG_WARN_COMMA = YES;
				CLANG_WARN_CONSTANT_CONVERSION = YES;
				CLANG_WARN_DEPRECATED_OBJC_IMPLEMENTATIONS = YES;
				CLANG_WARN_DIRECT_OBJC_ISA_USAGE = YES_ERROR;
				CLANG_WARN_DOCUMENTATION_COMMENTS = YES;
				CLANG_WARN_EMPTY_BODY = YES;
				CLANG_WARN_ENUM_CONVERSION = YES;
				CLANG_WARN_INFINITE_RECURSION = YES;
				CLANG_WARN_INT_CONVERSION = YES;
				CLANG_WARN_NON_LITERAL_NULL_CONVERSION = YES;
				CLANG_WARN_OBJC_IMPLICIT_RETAIN_SELF = YES;
				CLANG_WARN_OBJC_LITERAL_CONVERSION = YES;
				CLANG_WARN_OBJC_ROOT_CLASS = YES_ERROR;
				CLANG_WARN_QUOTED_INCLUDE_IN_FRAMEWORK_HEADER = YES;
				CLANG_WARN_RANGE_LOOP_ANALYSIS = YES;
				CLANG_WARN_STRICT_PROTOTYPES = YES;
				CLANG_WARN_SUSPICIOUS_MOVE = YES;
				CLANG_WARN_UNGUARDED_AVAILABILITY = YES_AGGRESSIVE;
				CLANG_WARN_UNREACHABLE_CODE = YES;
				CLANG_WARN__DUPLICATE_METHOD_MATCH = YES;
				COPY_PHASE_STRIP = NO;
				DEBUG_INFORMATION_FORMAT = "dwarf-with-dsym";
				ENABLE_NS_ASSERTIONS = NO;
				ENABLE_STRICT_OBJC_MSGSEND = YES;
				ENABLE_USER_SCRIPT_SANDBOXING = YES;
				GCC_C_LANGUAGE_STANDARD = gnu17;
				GCC_NO_COMMON_BLOCKS = YES;
				GCC_WARN_64_TO_32_BIT_CONVERSION = YES;
				GCC_WARN_ABOUT_RETURN_TYPE = YES_ERROR;
				GCC_WARN_UNDECLARED_SELECTOR = YES;
				GCC_WARN_UNINITIALIZED_AUTOS = YES_AGGRESSIVE;
				GCC_WARN_UNUSED_FUNCTION = YES;
				GCC_WARN_UNUSED_VARIABLE = YES;
				IPHONEOS_DEPLOYMENT_TARGET = 18.0;
				LOCALIZATION_PREFERS_STRING_CATALOGS = YES;
				MTL_ENABLE_DEBUG_INFO = NO;
				MTL_FAST_MATH = YES;
				SDKROOT = iphoneos;
				SWIFT_COMPILATION_MODE = wholemodule;
				VALIDATE_PRODUCT = YES;
			};
			name = Release;
		};
		BA4F510D2CB996D200DEAF3A /* Debug */ = {
			isa = XCBuildConfiguration;
			buildSettings = {
				ASSETCATALOG_COMPILER_APPICON_NAME = AppIcon;
				ASSETCATALOG_COMPILER_GLOBAL_ACCENT_COLOR_NAME = AccentColor;
				CODE_SIGN_STYLE = Automatic;
				CURRENT_PROJECT_VERSION = 1;
				DEVELOPMENT_ASSET_PATHS = "\"Registrar/Preview Content\"";
				ENABLE_PREVIEWS = YES;
				GENERATE_INFOPLIST_FILE = YES;
				INFOPLIST_KEY_UIApplicationSceneManifest_Generation = YES;
				INFOPLIST_KEY_UIApplicationSupportsIndirectInputEvents = YES;
				INFOPLIST_KEY_UILaunchScreen_Generation = YES;
				INFOPLIST_KEY_UISupportedInterfaceOrientations_iPad = "UIInterfaceOrientationPortrait UIInterfaceOrientationPortraitUpsideDown UIInterfaceOrientationLandscapeLeft UIInterfaceOrientationLandscapeRight";
				INFOPLIST_KEY_UISupportedInterfaceOrientations_iPhone = "UIInterfaceOrientationPortrait UIInterfaceOrientationLandscapeLeft UIInterfaceOrientationLandscapeRight";
				LD_RUNPATH_SEARCH_PATHS = (
					"$(inherited)",
					"@executable_path/Frameworks",
				);
				MARKETING_VERSION = 1.0;
				PRODUCT_BUNDLE_IDENTIFIER = ZA.Registrar;
				PRODUCT_NAME = "$(TARGET_NAME)";
				SWIFT_EMIT_LOC_STRINGS = YES;
				SWIFT_VERSION = 5.0;
				TARGETED_DEVICE_FAMILY = "1,2";
			};
			name = Debug;
		};
		BA4F510E2CB996D200DEAF3A /* Release */ = {
			isa = XCBuildConfiguration;
			buildSettings = {
				ASSETCATALOG_COMPILER_APPICON_NAME = AppIcon;
				ASSETCATALOG_COMPILER_GLOBAL_ACCENT_COLOR_NAME = AccentColor;
				CODE_SIGN_STYLE = Automatic;
				CURRENT_PROJECT_VERSION = 1;
				DEVELOPMENT_ASSET_PATHS = "\"Registrar/Preview Content\"";
				ENABLE_PREVIEWS = YES;
				GENERATE_INFOPLIST_FILE = YES;
				INFOPLIST_KEY_UIApplicationSceneManifest_Generation = YES;
				INFOPLIST_KEY_UIApplicationSupportsIndirectInputEvents = YES;
				INFOPLIST_KEY_UILaunchScreen_Generation = YES;
				INFOPLIST_KEY_UISupportedInterfaceOrientations_iPad = "UIInterfaceOrientationPortrait UIInterfaceOrientationPortraitUpsideDown UIInterfaceOrientationLandscapeLeft UIInterfaceOrientationLandscapeRight";
				INFOPLIST_KEY_UISupportedInterfaceOrientations_iPhone = "UIInterfaceOrientationPortrait UIInterfaceOrientationLandscapeLeft UIInterfaceOrientationLandscapeRight";
				LD_RUNPATH_SEARCH_PATHS = (
					"$(inherited)",
					"@executable_path/Frameworks",
				);
				MARKETING_VERSION = 1.0;
				PRODUCT_BUNDLE_IDENTIFIER = ZA.Registrar;
				PRODUCT_NAME = "$(TARGET_NAME)";
				SWIFT_EMIT_LOC_STRINGS = YES;
				SWIFT_VERSION = 5.0;
				TARGETED_DEVICE_FAMILY = "1,2";
			};
			name = Release;
		};
		BA4F51102CB996D200DEAF3A /* Debug */ = {
			isa = XCBuildConfiguration;
			buildSettings = {
				BUNDLE_LOADER = "$(TEST_HOST)";
				CODE_SIGN_STYLE = Automatic;
				CURRENT_PROJECT_VERSION = 1;
				GENERATE_INFOPLIST_FILE = YES;
				IPHONEOS_DEPLOYMENT_TARGET = 18.0;
				MARKETING_VERSION = 1.0;
				PRODUCT_BUNDLE_IDENTIFIER = ZA.RegistrarTests;
				PRODUCT_NAME = "$(TARGET_NAME)";
				SWIFT_EMIT_LOC_STRINGS = NO;
				SWIFT_VERSION = 5.0;
				TARGETED_DEVICE_FAMILY = "1,2";
				TEST_HOST = "$(BUILT_PRODUCTS_DIR)/Registrar.app/$(BUNDLE_EXECUTABLE_FOLDER_PATH)/Registrar";
			};
			name = Debug;
		};
		BA4F51112CB996D200DEAF3A /* Release */ = {
			isa = XCBuildConfiguration;
			buildSettings = {
				BUNDLE_LOADER = "$(TEST_HOST)";
				CODE_SIGN_STYLE = Automatic;
				CURRENT_PROJECT_VERSION = 1;
				GENERATE_INFOPLIST_FILE = YES;
				IPHONEOS_DEPLOYMENT_TARGET = 18.0;
				MARKETING_VERSION = 1.0;
				PRODUCT_BUNDLE_IDENTIFIER = ZA.RegistrarTests;
				PRODUCT_NAME = "$(TARGET_NAME)";
				SWIFT_EMIT_LOC_STRINGS = NO;
				SWIFT_VERSION = 5.0;
				TARGETED_DEVICE_FAMILY = "1,2";
				TEST_HOST = "$(BUILT_PRODUCTS_DIR)/Registrar.app/$(BUNDLE_EXECUTABLE_FOLDER_PATH)/Registrar";
			};
			name = Release;
		};
		BA4F51132CB996D200DEAF3A /* Debug */ = {
			isa = XCBuildConfiguration;
			buildSettings = {
				CODE_SIGN_STYLE = Automatic;
				CURRENT_PROJECT_VERSION = 1;
				GENERATE_INFOPLIST_FILE = YES;
				MARKETING_VERSION = 1.0;
				PRODUCT_BUNDLE_IDENTIFIER = ZA.RegistrarUITests;
				PRODUCT_NAME = "$(TARGET_NAME)";
				SWIFT_EMIT_LOC_STRINGS = NO;
				SWIFT_VERSION = 5.0;
				TARGETED_DEVICE_FAMILY = "1,2";
				TEST_TARGET_NAME = Registrar;
			};
			name = Debug;
		};
		BA4F51142CB996D200DEAF3A /* Release */ = {
			isa = XCBuildConfiguration;
			buildSettings = {
				CODE_SIGN_STYLE = Automatic;
				CURRENT_PROJECT_VERSION = 1;
				GENERATE_INFOPLIST_FILE = YES;
				MARKETING_VERSION = 1.0;
				PRODUCT_BUNDLE_IDENTIFIER = ZA.RegistrarUITests;
				PRODUCT_NAME = "$(TARGET_NAME)";
				SWIFT_EMIT_LOC_STRINGS = NO;
				SWIFT_VERSION = 5.0;
				TARGETED_DEVICE_FAMILY = "1,2";
				TEST_TARGET_NAME = Registrar;
			};
			name = Release;
		};
/* End XCBuildConfiguration section */

/* Begin XCConfigurationList section */
		BA4F50E12CB996D100DEAF3A /* Build configuration list for PBXProject "Registrar" */ = {
			isa = XCConfigurationList;
			buildConfigurations = (
				BA4F510A2CB996D200DEAF3A /* Debug */,
				BA4F510B2CB996D200DEAF3A /* Release */,
			);
			defaultConfigurationIsVisible = 0;
			defaultConfigurationName = Release;
		};
		BA4F510C2CB996D200DEAF3A /* Build configuration list for PBXNativeTarget "Registrar" */ = {
			isa = XCConfigurationList;
			buildConfigurations = (
				BA4F510D2CB996D200DEAF3A /* Debug */,
				BA4F510E2CB996D200DEAF3A /* Release */,
			);
			defaultConfigurationIsVisible = 0;
			defaultConfigurationName = Release;
		};
		BA4F510F2CB996D200DEAF3A /* Build configuration list for PBXNativeTarget "RegistrarTests" */ = {
			isa = XCConfigurationList;
			buildConfigurations = (
				BA4F51102CB996D200DEAF3A /* Debug */,
				BA4F51112CB996D200DEAF3A /* Release */,
			);
			defaultConfigurationIsVisible = 0;
			defaultConfigurationName = Release;
		};
		BA4F51122CB996D200DEAF3A /* Build configuration list for PBXNativeTarget "RegistrarUITests" */ = {
			isa = XCConfigurationList;
			buildConfigurations = (
				BA4F51132CB996D200DEAF3A /* Debug */,
				BA4F51142CB996D200DEAF3A /* Release */,
			);
			defaultConfigurationIsVisible = 0;
			defaultConfigurationName = Release;
		};
/* End XCConfigurationList section */

/* Begin XCRemoteSwiftPackageReference section */
		BA4F51182CB99A4A00DEAF3A /* XCRemoteSwiftPackageReference "firebase-ios-sdk" */ = {
			isa = XCRemoteSwiftPackageReference;
			repositoryURL = "https://github.com/firebase/firebase-ios-sdk.git";
			requirement = {
				kind = upToNextMajorVersion;
				minimumVersion = 11.3.0;
			};
		};
		BA5A72532D2CA04D001E19F2 /* XCRemoteSwiftPackageReference "GoogleSignIn-iOS" */ = {
			isa = XCRemoteSwiftPackageReference;
			repositoryURL = "https://github.com/google/GoogleSignIn-iOS";
			requirement = {
				kind = upToNextMajorVersion;
				minimumVersion = 8.0.0;
			};
		};
/* End XCRemoteSwiftPackageReference section */

/* Begin XCSwiftPackageProductDependency section */
		BA4F51192CB99A4A00DEAF3A /* FirebaseAnalytics */ = {
			isa = XCSwiftPackageProductDependency;
			package = BA4F51182CB99A4A00DEAF3A /* XCRemoteSwiftPackageReference "firebase-ios-sdk" */;
			productName = FirebaseAnalytics;
		};
		BA4F511B2CB99A4A00DEAF3A /* FirebaseAuth */ = {
			isa = XCSwiftPackageProductDependency;
			package = BA4F51182CB99A4A00DEAF3A /* XCRemoteSwiftPackageReference "firebase-ios-sdk" */;
			productName = FirebaseAuth;
		};
		BA4F511D2CB99A4A00DEAF3A /* FirebaseCore */ = {
			isa = XCSwiftPackageProductDependency;
			package = BA4F51182CB99A4A00DEAF3A /* XCRemoteSwiftPackageReference "firebase-ios-sdk" */;
			productName = FirebaseCore;
		};
		BA4F511F2CB99A4A00DEAF3A /* FirebaseDatabase */ = {
			isa = XCSwiftPackageProductDependency;
			package = BA4F51182CB99A4A00DEAF3A /* XCRemoteSwiftPackageReference "firebase-ios-sdk" */;
			productName = FirebaseDatabase;
		};
		BA4F51212CB99A4A00DEAF3A /* FirebaseFirestore */ = {
			isa = XCSwiftPackageProductDependency;
			package = BA4F51182CB99A4A00DEAF3A /* XCRemoteSwiftPackageReference "firebase-ios-sdk" */;
			productName = FirebaseFirestore;
		};
		BA4F51232CB99A4A00DEAF3A /* FirebaseMessaging */ = {
			isa = XCSwiftPackageProductDependency;
			package = BA4F51182CB99A4A00DEAF3A /* XCRemoteSwiftPackageReference "firebase-ios-sdk" */;
			productName = FirebaseMessaging;
		};
		BA4F51252CB99A4A00DEAF3A /* FirebaseRemoteConfig */ = {
			isa = XCSwiftPackageProductDependency;
			package = BA4F51182CB99A4A00DEAF3A /* XCRemoteSwiftPackageReference "firebase-ios-sdk" */;
			productName = FirebaseRemoteConfig;
		};
		BA5A72542D2CA04D001E19F2 /* GoogleSignIn */ = {
			isa = XCSwiftPackageProductDependency;
			package = BA5A72532D2CA04D001E19F2 /* XCRemoteSwiftPackageReference "GoogleSignIn-iOS" */;
			productName = GoogleSignIn;
		};
/* End XCSwiftPackageProductDependency section */
	};
	rootObject = BA4F50DE2CB996D100DEAF3A /* Project object */;
}
